
Microsoft Visual Studio Solution File, Format Version 12.00
# Visual Studio 2013
VisualStudioVersion = 12.0.40629.0
MinimumVisualStudioVersion = 10.0.40219.1
Project("{FAE04EC0-301F-11D3-BF4B-00C04F79EFBC}") = "PaiJiShow.Model", "PaiJiShow.Model\PaiJiShow.Model.csproj", "{7D4A7948-1D3D-49DA-B4D7-AB9ADDA670F3}"
EndProject
Project("{FAE04EC0-301F-11D3-BF4B-00C04F79EFBC}") = "PaiJiShow.DataAccess", "PaiJiShow.DataAccess\PaiJiShow.DataAccess.csproj", "{D232A16E-C58D-4662-96AE-550D4586EDCD}"
EndProject
Project("{FAE04EC0-301F-11D3-BF4B-00C04F79EFBC}") = "PaiJiShow.DBUtility", "DBUtility\PaiJiShow.DBUtility.csproj", "{075C2F0B-1A2F-410B-8CC4-6A817BD3052A}"
EndProject
Project("{FAE04EC0-301F-11D3-BF4B-00C04F79EFBC}") = "PaiJiShow.Web", "PaiJiShow.Web\PaiJiShow.Web.csproj", "{0428DF99-3FE0-4F48-8523-49F5CD1A5EAD}"
EndProject
Global
	GlobalSection(SolutionConfigurationPlatforms) = preSolution
		Debug|Any CPU = Debug|Any CPU
		Release|Any CPU = Release|Any CPU
	EndGlobalSection
	GlobalSection(ProjectConfigurationPlatforms) = postSolution
		{7D4A7948-1D3D-49DA-B4D7-AB9ADDA670F3}.Debug|Any CPU.ActiveCfg = Debug|Any CPU
		{7D4A7948-1D3D-49DA-B4D7-AB9ADDA670F3}.Debug|Any CPU.Build.0 = Debug|Any CPU
		{7D4A7948-1D3D-49DA-B4D7-AB9ADDA670F3}.Release|Any CPU.ActiveCfg = Release|Any CPU
		{7D4A7948-1D3D-49DA-B4D7-AB9ADDA670F3}.Release|Any CPU.Build.0 = Release|Any CPU
		{D232A16E-C58D-4662-96AE-550D4586EDCD}.Debug|Any CPU.ActiveCfg = Debug|Any CPU
		{D232A16E-C58D-4662-96AE-550D4586EDCD}.Debug|Any CPU.Build.0 = Debug|Any CPU
		{D232A16E-C58D-4662-96AE-550D4586EDCD}.Release|Any CPU.ActiveCfg = Release|Any CPU
		{D232A16E-C58D-4662-96AE-550D4586EDCD}.Release|Any CPU.Build.0 = Release|Any CPU
		{075C2F0B-1A2F-410B-8CC4-6A817BD3052A}.Debug|Any CPU.ActiveCfg = Debug|Any CPU
		{075C2F0B-1A2F-410B-8CC4-6A817BD3052A}.Debug|Any CPU.Build.0 = Debug|Any CPU
		{075C2F0B-1A2F-410B-8CC4-6A817BD3052A}.Release|Any CPU.ActiveCfg = Release|Any CPU
		{075C2F0B-1A2F-410B-8CC4-6A817BD3052A}.Release|Any CPU.Build.0 = Release|Any CPU
		{0428DF99-3FE0-4F48-8523-49F5CD1A5EAD}.Debug|Any CPU.ActiveCfg = Debug|Any CPU
		{0428DF99-3FE0-4F48-8523-49F5CD1A5EAD}.Debug|Any CPU.Build.0 = Debug|Any CPU
		{0428DF99-3FE0-4F48-8523-49F5CD1A5EAD}.Release|Any CPU.ActiveCfg = Release|Any CPU
		{0428DF99-3FE0-4F48-8523-49F5CD1A5EAD}.Release|Any CPU.Build.0 = Release|Any CPU
	EndGlobalSection
	GlobalSection(SolutionProperties) = preSolution
		HideSolutionNode = FALSE
	EndGlobalSection
EndGlobal
